
Microsoft Visual Studio Solution File, Format Version 12.00
# Visual Studio 15
VisualStudioVersion = 15.0.28307.960
MinimumVisualStudioVersion = 10.0.40219.1
Project("{8BC9CEB8-8B4A-11D0-8D11-00A0C91BC942}") = "s171630_prj", "s171630_prj.vcxproj", "{20112E31-6C73-42E8-8F41-DC2DD10E936C}"
EndProject
Global
	GlobalSection(SolutionConfigurationPlatforms) = preSolution
		Debug|x64 = Debug|x64
		Debug|x86 = Debug|x86
		Release|x64 = Release|x64
		Release|x86 = Release|x86
	EndGlobalSection
	GlobalSection(ProjectConfigurationPlatforms) = postSolution
		{20112E31-6C73-42E8-8F41-DC2DD10E936C}.Debug|x64.ActiveCfg = Debug|x64
		{20112E31-6C73-42E8-8F41-DC2DD10E936C}.Debug|x64.Build.0 = Debug|x64
		{20112E31-6C73-42E8-8F41-DC2DD10E936C}.Debug|x86.ActiveCfg = Debug|Win32
		{20112E31-6C73-42E8-8F41-DC2DD10E936C}.Debug|x86.Build.0 = Debug|Win32
		{20112E31-6C73-42E8-8F41-DC2DD10E936C}.Release|x64.ActiveCfg = Release|x64
		{20112E31-6C73-42E8-8F41-DC2DD10E936C}.Release|x64.Build.0 = Release|x64
		{20112E31-6C73-42E8-8F41-DC2DD10E936C}.Release|x86.ActiveCfg = Release|Win32
		{20112E31-6C73-42E8-8F41-DC2DD10E936C}.Release|x86.Build.0 = Release|Win32
	EndGlobalSection
	GlobalSection(SolutionProperties) = preSolution
		HideSolutionNode = FALSE
	EndGlobalSection
	GlobalSection(ExtensibilityGlobals) = postSolution
		SolutionGuid = {D3454EC8-E447-4ED8-B2C1-E4A0CF22E93B}
	EndGlobalSection
EndGlobal
